// !$*UTF8*$!
{
	archiveVersion = 1;
	classes = {
	};
	objectVersion = 56;
	objects = {

/* Begin PBXBuildFile section */
		9D6C73502B9B719200410F53 /* Be_a_StoicApp.swift in Sources */ = {isa = PBXBuildFile; fileRef = 9D6C734F2B9B719200410F53 /* Be_a_StoicApp.swift */; };
		9D6C73522B9B719200410F53 /* ContentView.swift in Sources */ = {isa = PBXBuildFile; fileRef = 9D6C73512B9B719200410F53 /* ContentView.swift */; };
		9D6C73542B9B719200410F53 /* Assets.xcassets in Resources */ = {isa = PBXBuildFile; fileRef = 9D6C73532B9B719200410F53 /* Assets.xcassets */; };
		9D6C73572B9B719200410F53 /* Preview Assets.xcassets in Resources */ = {isa = PBXBuildFile; fileRef = 9D6C73562B9B719200410F53 /* Preview Assets.xcassets */; };
		9D6C73612B9B719200410F53 /* Be_a_StoicTests.swift in Sources */ = {isa = PBXBuildFile; fileRef = 9D6C73602B9B719200410F53 /* Be_a_StoicTests.swift */; };
		9D6C736B2B9B719200410F53 /* Be_a_StoicUITests.swift in Sources */ = {isa = PBXBuildFile; fileRef = 9D6C736A2B9B719200410F53 /* Be_a_StoicUITests.swift */; };
		9D6C736D2B9B719200410F53 /* Be_a_StoicUITestsLaunchTests.swift in Sources */ = {isa = PBXBuildFile; fileRef = 9D6C736C2B9B719200410F53 /* Be_a_StoicUITestsLaunchTests.swift */; };
		9D6C737F2B9B71EE00410F53 /* AllIdeaViewModel.swift in Sources */ = {isa = PBXBuildFile; fileRef = 9D6C737E2B9B71EE00410F53 /* AllIdeaViewModel.swift */; };
		9D6C73812B9B720500410F53 /* AllIdeaView.swift in Sources */ = {isa = PBXBuildFile; fileRef = 9D6C73802B9B720500410F53 /* AllIdeaView.swift */; };
		9D6C73852B9B749A00410F53 /* Idea.swift in Sources */ = {isa = PBXBuildFile; fileRef = 9D6C73842B9B749A00410F53 /* Idea.swift */; };
		9D6C73892B9B7F4200410F53 /* IdeaModel.xcdatamodeld in Sources */ = {isa = PBXBuildFile; fileRef = 9D6C73872B9B7F4200410F53 /* IdeaModel.xcdatamodeld */; };
		9D6C738B2B9B7FE100410F53 /* IdeaController.swift in Sources */ = {isa = PBXBuildFile; fileRef = 9D6C738A2B9B7FE100410F53 /* IdeaController.swift */; };
		9D6C73902B9B826A00410F53 /* Coordinator.swift in Sources */ = {isa = PBXBuildFile; fileRef = 9D6C738F2B9B826A00410F53 /* Coordinator.swift */; };
		9D6C73922B9B828700410F53 /* CoordinatorView.swift in Sources */ = {isa = PBXBuildFile; fileRef = 9D6C73912B9B828700410F53 /* CoordinatorView.swift */; };
		9D6C73952B9B82FF00410F53 /* AddIdeaView.swift in Sources */ = {isa = PBXBuildFile; fileRef = 9D6C73942B9B82FF00410F53 /* AddIdeaView.swift */; };
		9D6C73972B9B830B00410F53 /* AddIdeaViewModel.swift in Sources */ = {isa = PBXBuildFile; fileRef = 9D6C73962B9B830B00410F53 /* AddIdeaViewModel.swift */; };
		9DFBA37C2B9ED3170010EFBB /* BaseButton.swift in Sources */ = {isa = PBXBuildFile; fileRef = 9DFBA37B2B9ED3170010EFBB /* BaseButton.swift */; };
		9DFBA37E2B9ED7630010EFBB /* IdeaModelTest.swift in Sources */ = {isa = PBXBuildFile; fileRef = 9DFBA37D2B9ED7630010EFBB /* IdeaModelTest.swift */; };
/* End PBXBuildFile section */

/* Begin PBXContainerItemProxy section */
		9D6C735D2B9B719200410F53 /* PBXContainerItemProxy */ = {
			isa = PBXContainerItemProxy;
			containerPortal = 9D6C73442B9B719100410F53 /* Project object */;
			proxyType = 1;
			remoteGlobalIDString = 9D6C734B2B9B719100410F53;
			remoteInfo = "Be a Stoic";
		};
		9D6C73672B9B719200410F53 /* PBXContainerItemProxy */ = {
			isa = PBXContainerItemProxy;
			containerPortal = 9D6C73442B9B719100410F53 /* Project object */;
			proxyType = 1;
			remoteGlobalIDString = 9D6C734B2B9B719100410F53;
			remoteInfo = "Be a Stoic";
		};
/* End PBXContainerItemProxy section */

/* Begin PBXFileReference section */
		9D6C734C2B9B719200410F53 /* Be a Stoic.app */ = {isa = PBXFileReference; explicitFileType = wrapper.application; includeInIndex = 0; path = "Be a Stoic.app"; sourceTree = BUILT_PRODUCTS_DIR; };
		9D6C734F2B9B719200410F53 /* Be_a_StoicApp.swift */ = {isa = PBXFileReference; lastKnownFileType = sourcecode.swift; path = Be_a_StoicApp.swift; sourceTree = "<group>"; };
		9D6C73512B9B719200410F53 /* ContentView.swift */ = {isa = PBXFileReference; lastKnownFileType = sourcecode.swift; path = ContentView.swift; sourceTree = "<group>"; };
		9D6C73532B9B719200410F53 /* Assets.xcassets */ = {isa = PBXFileReference; lastKnownFileType = folder.assetcatalog; path = Assets.xcassets; sourceTree = "<group>"; };
		9D6C73562B9B719200410F53 /* Preview Assets.xcassets */ = {isa = PBXFileReference; lastKnownFileType = folder.assetcatalog; path = "Preview Assets.xcassets"; sourceTree = "<group>"; };
		9D6C735C2B9B719200410F53 /* Be a StoicTests.xctest */ = {isa = PBXFileReference; explicitFileType = wrapper.cfbundle; includeInIndex = 0; path = "Be a StoicTests.xctest"; sourceTree = BUILT_PRODUCTS_DIR; };
		9D6C73602B9B719200410F53 /* Be_a_StoicTests.swift */ = {isa = PBXFileReference; lastKnownFileType = sourcecode.swift; path = Be_a_StoicTests.swift; sourceTree = "<group>"; };
		9D6C73662B9B719200410F53 /* Be a StoicUITests.xctest */ = {isa = PBXFileReference; explicitFileType = wrapper.cfbundle; includeInIndex = 0; path = "Be a StoicUITests.xctest"; sourceTree = BUILT_PRODUCTS_DIR; };
		9D6C736A2B9B719200410F53 /* Be_a_StoicUITests.swift */ = {isa = PBXFileReference; lastKnownFileType = sourcecode.swift; path = Be_a_StoicUITests.swift; sourceTree = "<group>"; };
		9D6C736C2B9B719200410F53 /* Be_a_StoicUITestsLaunchTests.swift */ = {isa = PBXFileReference; lastKnownFileType = sourcecode.swift; path = Be_a_StoicUITestsLaunchTests.swift; sourceTree = "<group>"; };
		9D6C737E2B9B71EE00410F53 /* AllIdeaViewModel.swift */ = {isa = PBXFileReference; lastKnownFileType = sourcecode.swift; path = AllIdeaViewModel.swift; sourceTree = "<group>"; };
		9D6C73802B9B720500410F53 /* AllIdeaView.swift */ = {isa = PBXFileReference; lastKnownFileType = sourcecode.swift; path = AllIdeaView.swift; sourceTree = "<group>"; };
		9D6C73842B9B749A00410F53 /* Idea.swift */ = {isa = PBXFileReference; lastKnownFileType = sourcecode.swift; path = Idea.swift; sourceTree = "<group>"; };
		9D6C73882B9B7F4200410F53 /* IdeaModel.xcdatamodel */ = {isa = PBXFileReference; lastKnownFileType = wrapper.xcdatamodel; path = IdeaModel.xcdatamodel; sourceTree = "<group>"; };
		9D6C738A2B9B7FE100410F53 /* IdeaController.swift */ = {isa = PBXFileReference; lastKnownFileType = sourcecode.swift; path = IdeaController.swift; sourceTree = "<group>"; };
		9D6C738F2B9B826A00410F53 /* Coordinator.swift */ = {isa = PBXFileReference; lastKnownFileType = sourcecode.swift; path = Coordinator.swift; sourceTree = "<group>"; };
		9D6C73912B9B828700410F53 /* CoordinatorView.swift */ = {isa = PBXFileReference; lastKnownFileType = sourcecode.swift; path = CoordinatorView.swift; sourceTree = "<group>"; };
		9D6C73942B9B82FF00410F53 /* AddIdeaView.swift */ = {isa = PBXFileReference; lastKnownFileType = sourcecode.swift; path = AddIdeaView.swift; sourceTree = "<group>"; };
		9D6C73962B9B830B00410F53 /* AddIdeaViewModel.swift */ = {isa = PBXFileReference; lastKnownFileType = sourcecode.swift; path = AddIdeaViewModel.swift; sourceTree = "<group>"; };
		9DFBA37B2B9ED3170010EFBB /* BaseButton.swift */ = {isa = PBXFileReference; lastKnownFileType = sourcecode.swift; path = BaseButton.swift; sourceTree = "<group>"; };
		9DFBA37D2B9ED7630010EFBB /* IdeaModelTest.swift */ = {isa = PBXFileReference; lastKnownFileType = sourcecode.swift; path = IdeaModelTest.swift; sourceTree = "<group>"; };
/* End PBXFileReference section */

/* Begin PBXFrameworksBuildPhase section */
		9D6C73492B9B719100410F53 /* Frameworks */ = {
			isa = PBXFrameworksBuildPhase;
			buildActionMask = 2147483647;
			files = (
			);
			runOnlyForDeploymentPostprocessing = 0;
		};
		9D6C73592B9B719200410F53 /* Frameworks */ = {
			isa = PBXFrameworksBuildPhase;
			buildActionMask = 2147483647;
			files = (
			);
			runOnlyForDeploymentPostprocessing = 0;
		};
		9D6C73632B9B719200410F53 /* Frameworks */ = {
			isa = PBXFrameworksBuildPhase;
			buildActionMask = 2147483647;
			files = (
			);
			runOnlyForDeploymentPostprocessing = 0;
		};
/* End PBXFrameworksBuildPhase section */

/* Begin PBXGroup section */
		9D6C73432B9B719100410F53 = {
			isa = PBXGroup;
			children = (
				9D6C734E2B9B719200410F53 /* Be a Stoic */,
				9D6C735F2B9B719200410F53 /* Be a StoicTests */,
				9D6C73692B9B719200410F53 /* Be a StoicUITests */,
				9D6C734D2B9B719200410F53 /* Products */,
			);
			sourceTree = "<group>";
		};
		9D6C734D2B9B719200410F53 /* Products */ = {
			isa = PBXGroup;
			children = (
				9D6C734C2B9B719200410F53 /* Be a Stoic.app */,
				9D6C735C2B9B719200410F53 /* Be a StoicTests.xctest */,
				9D6C73662B9B719200410F53 /* Be a StoicUITests.xctest */,
			);
			name = Products;
			sourceTree = "<group>";
		};
		9D6C734E2B9B719200410F53 /* Be a Stoic */ = {
			isa = PBXGroup;
			children = (
				9D6C737C2B9B71BB00410F53 /* Settings */,
				9D6C737B2B9B71AE00410F53 /* AddIdea */,
				9D6C737A2B9B71A200410F53 /* AllIdea */,
				9D6C73792B9B719B00410F53 /* Core */,
				9D6C73532B9B719200410F53 /* Assets.xcassets */,
				9D6C73552B9B719200410F53 /* Preview Content */,
			);
			path = "Be a Stoic";
			sourceTree = "<group>";
		};
		9D6C73552B9B719200410F53 /* Preview Content */ = {
			isa = PBXGroup;
			children = (
				9D6C73562B9B719200410F53 /* Preview Assets.xcassets */,
			);
			path = "Preview Content";
			sourceTree = "<group>";
		};
		9D6C735F2B9B719200410F53 /* Be a StoicTests */ = {
			isa = PBXGroup;
			children = (
				9D6C73602B9B719200410F53 /* Be_a_StoicTests.swift */,
				9DFBA37D2B9ED7630010EFBB /* IdeaModelTest.swift */,
			);
			path = "Be a StoicTests";
			sourceTree = "<group>";
		};
		9D6C73692B9B719200410F53 /* Be a StoicUITests */ = {
			isa = PBXGroup;
			children = (
				9D6C736A2B9B719200410F53 /* Be_a_StoicUITests.swift */,
				9D6C736C2B9B719200410F53 /* Be_a_StoicUITestsLaunchTests.swift */,
			);
			path = "Be a StoicUITests";
			sourceTree = "<group>";
		};
		9D6C73792B9B719B00410F53 /* Core */ = {
			isa = PBXGroup;
			children = (
				9D6C73862B9B74C900410F53 /* Data */,
				9D6C73832B9B748B00410F53 /* Models */,
				9D6C737D2B9B71CA00410F53 /* Presentation */,
			);
			path = Core;
			sourceTree = "<group>";
		};
		9D6C737A2B9B71A200410F53 /* AllIdea */ = {
			isa = PBXGroup;
			children = (
				9D6C73822B9B745B00410F53 /* Presentation */,
			);
			path = AllIdea;
			sourceTree = "<group>";
		};
		9D6C737B2B9B71AE00410F53 /* AddIdea */ = {
			isa = PBXGroup;
			children = (
				9D6C73932B9B82F000410F53 /* Presentation */,
			);
			path = AddIdea;
			sourceTree = "<group>";
		};
		9D6C737C2B9B71BB00410F53 /* Settings */ = {
			isa = PBXGroup;
			children = (
			);
			path = Settings;
			sourceTree = "<group>";
		};
		9D6C737D2B9B71CA00410F53 /* Presentation */ = {
			isa = PBXGroup;
			children = (
				9DFBA37A2B9ED2FA0010EFBB /* Layouts */,
				9D6C738E2B9B824A00410F53 /* Coordinator */,
				9D6C73512B9B719200410F53 /* ContentView.swift */,
				9D6C734F2B9B719200410F53 /* Be_a_StoicApp.swift */,
			);
			path = Presentation;
			sourceTree = "<group>";
		};
		9D6C73822B9B745B00410F53 /* Presentation */ = {
			isa = PBXGroup;
			children = (
				9D6C737E2B9B71EE00410F53 /* AllIdeaViewModel.swift */,
				9D6C73802B9B720500410F53 /* AllIdeaView.swift */,
			);
			path = Presentation;
			sourceTree = "<group>";
		};
		9D6C73832B9B748B00410F53 /* Models */ = {
			isa = PBXGroup;
			children = (
				9D6C73842B9B749A00410F53 /* Idea.swift */,
			);
			path = Models;
			sourceTree = "<group>";
		};
		9D6C73862B9B74C900410F53 /* Data */ = {
			isa = PBXGroup;
			children = (
				9D6C73872B9B7F4200410F53 /* IdeaModel.xcdatamodeld */,
				9D6C738A2B9B7FE100410F53 /* IdeaController.swift */,
			);
			path = Data;
			sourceTree = "<group>";
		};
		9D6C738E2B9B824A00410F53 /* Coordinator */ = {
			isa = PBXGroup;
			children = (
				9D6C738F2B9B826A00410F53 /* Coordinator.swift */,
				9D6C73912B9B828700410F53 /* CoordinatorView.swift */,
			);
			path = Coordinator;
			sourceTree = "<group>";
		};
		9D6C73932B9B82F000410F53 /* Presentation */ = {
			isa = PBXGroup;
			children = (
				9D6C73942B9B82FF00410F53 /* AddIdeaView.swift */,
				9D6C73962B9B830B00410F53 /* AddIdeaViewModel.swift */,
			);
			path = Presentation;
			sourceTree = "<group>";
		};
		9DFBA37A2B9ED2FA0010EFBB /* Layouts */ = {
			isa = PBXGroup;
			children = (
				9DFBA37B2B9ED3170010EFBB /* BaseButton.swift */,
			);
			path = Layouts;
			sourceTree = "<group>";
		};
/* End PBXGroup section */

/* Begin PBXNativeTarget section */
		9D6C734B2B9B719100410F53 /* Be a Stoic */ = {
			isa = PBXNativeTarget;
			buildConfigurationList = 9D6C73702B9B719200410F53 /* Build configuration list for PBXNativeTarget "Be a Stoic" */;
			buildPhases = (
				9D6C73482B9B719100410F53 /* Sources */,
				9D6C73492B9B719100410F53 /* Frameworks */,
				9D6C734A2B9B719100410F53 /* Resources */,
			);
			buildRules = (
			);
			dependencies = (
			);
			name = "Be a Stoic";
			productName = "Be a Stoic";
			productReference = 9D6C734C2B9B719200410F53 /* Be a Stoic.app */;
			productType = "com.apple.product-type.application";
		};
		9D6C735B2B9B719200410F53 /* Be a StoicTests */ = {
			isa = PBXNativeTarget;
			buildConfigurationList = 9D6C73732B9B719200410F53 /* Build configuration list for PBXNativeTarget "Be a StoicTests" */;
			buildPhases = (
				9D6C73582B9B719200410F53 /* Sources */,
				9D6C73592B9B719200410F53 /* Frameworks */,
				9D6C735A2B9B719200410F53 /* Resources */,
			);
			buildRules = (
			);
			dependencies = (
				9D6C735E2B9B719200410F53 /* PBXTargetDependency */,
			);
			name = "Be a StoicTests";
			productName = "Be a StoicTests";
			productReference = 9D6C735C2B9B719200410F53 /* Be a StoicTests.xctest */;
			productType = "com.apple.product-type.bundle.unit-test";
		};
		9D6C73652B9B719200410F53 /* Be a StoicUITests */ = {
			isa = PBXNativeTarget;
			buildConfigurationList = 9D6C73762B9B719200410F53 /* Build configuration list for PBXNativeTarget "Be a StoicUITests" */;
			buildPhases = (
				9D6C73622B9B719200410F53 /* Sources */,
				9D6C73632B9B719200410F53 /* Frameworks */,
				9D6C73642B9B719200410F53 /* Resources */,
			);
			buildRules = (
			);
			dependencies = (
				9D6C73682B9B719200410F53 /* PBXTargetDependency */,
			);
			name = "Be a StoicUITests";
			productName = "Be a StoicUITests";
			productReference = 9D6C73662B9B719200410F53 /* Be a StoicUITests.xctest */;
			productType = "com.apple.product-type.bundle.ui-testing";
		};
/* End PBXNativeTarget section */

/* Begin PBXProject section */
		9D6C73442B9B719100410F53 /* Project object */ = {
			isa = PBXProject;
			attributes = {
				BuildIndependentTargetsInParallel = 1;
				LastSwiftUpdateCheck = 1520;
				LastUpgradeCheck = 1520;
				TargetAttributes = {
					9D6C734B2B9B719100410F53 = {
						CreatedOnToolsVersion = 15.2;
					};
					9D6C735B2B9B719200410F53 = {
						CreatedOnToolsVersion = 15.2;
						TestTargetID = 9D6C734B2B9B719100410F53;
					};
					9D6C73652B9B719200410F53 = {
						CreatedOnToolsVersion = 15.2;
						TestTargetID = 9D6C734B2B9B719100410F53;
					};
				};
			};
			buildConfigurationList = 9D6C73472B9B719100410F53 /* Build configuration list for PBXProject "Be a Stoic" */;
			compatibilityVersion = "Xcode 14.0";
			developmentRegion = en;
			hasScannedForEncodings = 0;
			knownRegions = (
				en,
				Base,
			);
			mainGroup = 9D6C73432B9B719100410F53;
			productRefGroup = 9D6C734D2B9B719200410F53 /* Products */;
			projectDirPath = "";
			projectRoot = "";
			targets = (
				9D6C734B2B9B719100410F53 /* Be a Stoic */,
				9D6C735B2B9B719200410F53 /* Be a StoicTests */,
				9D6C73652B9B719200410F53 /* Be a StoicUITests */,
			);
		};
/* End PBXProject section */

/* Begin PBXResourcesBuildPhase section */
		9D6C734A2B9B719100410F53 /* Resources */ = {
			isa = PBXResourcesBuildPhase;
			buildActionMask = 2147483647;
			files = (
				9D6C73572B9B719200410F53 /* Preview Assets.xcassets in Resources */,
				9D6C73542B9B719200410F53 /* Assets.xcassets in Resources */,
			);
			runOnlyForDeploymentPostprocessing = 0;
		};
		9D6C735A2B9B719200410F53 /* Resources */ = {
			isa = PBXResourcesBuildPhase;
			buildActionMask = 2147483647;
			files = (
			);
			runOnlyForDeploymentPostprocessing = 0;
		};
		9D6C73642B9B719200410F53 /* Resources */ = {
			isa = PBXResourcesBuildPhase;
			buildActionMask = 2147483647;
			files = (
			);
			runOnlyForDeploymentPostprocessing = 0;
		};
/* End PBXResourcesBuildPhase section */

/* Begin PBXSourcesBuildPhase section */
		9D6C73482B9B719100410F53 /* Sources */ = {
			isa = PBXSourcesBuildPhase;
			buildActionMask = 2147483647;
			files = (
				9D6C73902B9B826A00410F53 /* Coordinator.swift in Sources */,
				9D6C73922B9B828700410F53 /* CoordinatorView.swift in Sources */,
				9D6C73952B9B82FF00410F53 /* AddIdeaView.swift in Sources */,
				9D6C73892B9B7F4200410F53 /* IdeaModel.xcdatamodeld in Sources */,
				9D6C73972B9B830B00410F53 /* AddIdeaViewModel.swift in Sources */,
				9D6C73522B9B719200410F53 /* ContentView.swift in Sources */,
				9D6C73502B9B719200410F53 /* Be_a_StoicApp.swift in Sources */,
				9D6C73852B9B749A00410F53 /* Idea.swift in Sources */,
				9D6C738B2B9B7FE100410F53 /* IdeaController.swift in Sources */,
				9D6C737F2B9B71EE00410F53 /* AllIdeaViewModel.swift in Sources */,
				9DFBA37C2B9ED3170010EFBB /* BaseButton.swift in Sources */,
				9D6C73812B9B720500410F53 /* AllIdeaView.swift in Sources */,
			);
			runOnlyForDeploymentPostprocessing = 0;
		};
		9D6C73582B9B719200410F53 /* Sources */ = {
			isa = PBXSourcesBuildPhase;
			buildActionMask = 2147483647;
			files = (
				9DFBA37E2B9ED7630010EFBB /* IdeaModelTest.swift in Sources */,
				9D6C73612B9B719200410F53 /* Be_a_StoicTests.swift in Sources */,
			);
			runOnlyForDeploymentPostprocessing = 0;
		};
		9D6C73622B9B719200410F53 /* Sources */ = {
			isa = PBXSourcesBuildPhase;
			buildActionMask = 2147483647;
			files = (
				9D6C736D2B9B719200410F53 /* Be_a_StoicUITestsLaunchTests.swift in Sources */,
				9D6C736B2B9B719200410F53 /* Be_a_StoicUITests.swift in Sources */,
			);
			runOnlyForDeploymentPostprocessing = 0;
		};
/* End PBXSourcesBuildPhase section */

/* Begin PBXTargetDependency section */
		9D6C735E2B9B719200410F53 /* PBXTargetDependency */ = {
			isa = PBXTargetDependency;
			target = 9D6C734B2B9B719100410F53 /* Be a Stoic */;
			targetProxy = 9D6C735D2B9B719200410F53 /* PBXContainerItemProxy */;
		};
		9D6C73682B9B719200410F53 /* PBXTargetDependency */ = {
			isa = PBXTargetDependency;
			target = 9D6C734B2B9B719100410F53 /* Be a Stoic */;
			targetProxy = 9D6C73672B9B719200410F53 /* PBXContainerItemProxy */;
		};
/* End PBXTargetDependency section */

/* Begin XCBuildConfiguration section */
		9D6C736E2B9B719200410F53 /* Debug */ = {
			isa = XCBuildConfiguration;
			buildSettings = {
				ALWAYS_SEARCH_USER_PATHS = NO;
				ASSETCATALOG_COMPILER_GENERATE_SWIFT_ASSET_SYMBOL_EXTENSIONS = YES;
				CLANG_ANALYZER_NONNULL = YES;
				CLANG_ANALYZER_NUMBER_OBJECT_CONVERSION = YES_AGGRESSIVE;
				CLANG_CXX_LANGUAGE_STANDARD = "gnu++20";
				CLANG_ENABLE_MODULES = YES;
				CLANG_ENABLE_OBJC_ARC = YES;
				CLANG_ENABLE_OBJC_WEAK = YES;
				CLANG_WARN_BLOCK_CAPTURE_AUTORELEASING = YES;
				CLANG_WARN_BOOL_CONVERSION = YES;
				CLANG_WARN_COMMA = YES;
				CLANG_WARN_CONSTANT_CONVERSION = YES;
				CLANG_WARN_DEPRECATED_OBJC_IMPLEMENTATIONS = YES;
				CLANG_WARN_DIRECT_OBJC_ISA_USAGE = YES_ERROR;
				CLANG_WARN_DOCUMENTATION_COMMENTS = YES;
				CLANG_WARN_EMPTY_BODY = YES;
				CLANG_WARN_ENUM_CONVERSION = YES;
				CLANG_WARN_INFINITE_RECURSION = YES;
				CLANG_WARN_INT_CONVERSION = YES;
				CLANG_WARN_NON_LITERAL_NULL_CONVERSION = YES;
				CLANG_WARN_OBJC_IMPLICIT_RETAIN_SELF = YES;
				CLANG_WARN_OBJC_LITERAL_CONVERSION = YES;
				CLANG_WARN_OBJC_ROOT_CLASS = YES_ERROR;
				CLANG_WARN_QUOTED_INCLUDE_IN_FRAMEWORK_HEADER = YES;
				CLANG_WARN_RANGE_LOOP_ANALYSIS = YES;
				CLANG_WARN_STRICT_PROTOTYPES = YES;
				CLANG_WARN_SUSPICIOUS_MOVE = YES;
				CLANG_WARN_UNGUARDED_AVAILABILITY = YES_AGGRESSIVE;
				CLANG_WARN_UNREACHABLE_CODE = YES;
				CLANG_WARN__DUPLICATE_METHOD_MATCH = YES;
				COPY_PHASE_STRIP = NO;
				DEBUG_INFORMATION_FORMAT = dwarf;
				ENABLE_STRICT_OBJC_MSGSEND = YES;
				ENABLE_TESTABILITY = YES;
				ENABLE_USER_SCRIPT_SANDBOXING = YES;
				GCC_C_LANGUAGE_STANDARD = gnu17;
				GCC_DYNAMIC_NO_PIC = NO;
				GCC_NO_COMMON_BLOCKS = YES;
				GCC_OPTIMIZATION_LEVEL = 0;
				GCC_PREPROCESSOR_DEFINITIONS = (
					"DEBUG=1",
					"$(inherited)",
				);
				GCC_WARN_64_TO_32_BIT_CONVERSION = YES;
				GCC_WARN_ABOUT_RETURN_TYPE = YES_ERROR;
				GCC_WARN_UNDECLARED_SELECTOR = YES;
				GCC_WARN_UNINITIALIZED_AUTOS = YES_AGGRESSIVE;
				GCC_WARN_UNUSED_FUNCTION = YES;
				GCC_WARN_UNUSED_VARIABLE = YES;
				IPHONEOS_DEPLOYMENT_TARGET = 17.2;
				LOCALIZATION_PREFERS_STRING_CATALOGS = YES;
				MTL_ENABLE_DEBUG_INFO = INCLUDE_SOURCE;
				MTL_FAST_MATH = YES;
				ONLY_ACTIVE_ARCH = YES;
				SDKROOT = iphoneos;
				SWIFT_ACTIVE_COMPILATION_CONDITIONS = "DEBUG $(inherited)";
				SWIFT_OPTIMIZATION_LEVEL = "-Onone";
			};
			name = Debug;
		};
		9D6C736F2B9B719200410F53 /* Release */ = {
			isa = XCBuildConfiguration;
			buildSettings = {
				ALWAYS_SEARCH_USER_PATHS = NO;
				ASSETCATALOG_COMPILER_GENERATE_SWIFT_ASSET_SYMBOL_EXTENSIONS = YES;
				CLANG_ANALYZER_NONNULL = YES;
				CLANG_ANALYZER_NUMBER_OBJECT_CONVERSION = YES_AGGRESSIVE;
				CLANG_CXX_LANGUAGE_STANDARD = "gnu++20";
				CLANG_ENABLE_MODULES = YES;
				CLANG_ENABLE_OBJC_ARC = YES;
				CLANG_ENABLE_OBJC_WEAK = YES;
				CLANG_WARN_BLOCK_CAPTURE_AUTORELEASING = YES;
				CLANG_WARN_BOOL_CONVERSION = YES;
				CLANG_WARN_COMMA = YES;
				CLANG_WARN_CONSTANT_CONVERSION = YES;
				CLANG_WARN_DEPRECATED_OBJC_IMPLEMENTATIONS = YES;
				CLANG_WARN_DIRECT_OBJC_ISA_USAGE = YES_ERROR;
				CLANG_WARN_DOCUMENTATION_COMMENTS = YES;
				CLANG_WARN_EMPTY_BODY = YES;
				CLANG_WARN_ENUM_CONVERSION = YES;
				CLANG_WARN_INFINITE_RECURSION = YES;
				CLANG_WARN_INT_CONVERSION = YES;
				CLANG_WARN_NON_LITERAL_NULL_CONVERSION = YES;
				CLANG_WARN_OBJC_IMPLICIT_RETAIN_SELF = YES;
				CLANG_WARN_OBJC_LITERAL_CONVERSION = YES;
				CLANG_WARN_OBJC_ROOT_CLASS = YES_ERROR;
				CLANG_WARN_QUOTED_INCLUDE_IN_FRAMEWORK_HEADER = YES;
				CLANG_WARN_RANGE_LOOP_ANALYSIS = YES;
				CLANG_WARN_STRICT_PROTOTYPES = YES;
				CLANG_WARN_SUSPICIOUS_MOVE = YES;
				CLANG_WARN_UNGUARDED_AVAILABILITY = YES_AGGRESSIVE;
				CLANG_WARN_UNREACHABLE_CODE = YES;
				CLANG_WARN__DUPLICATE_METHOD_MATCH = YES;
				COPY_PHASE_STRIP = NO;
				DEBUG_INFORMATION_FORMAT = "dwarf-with-dsym";
				ENABLE_NS_ASSERTIONS = NO;
				ENABLE_STRICT_OBJC_MSGSEND = YES;
				ENABLE_USER_SCRIPT_SANDBOXING = YES;
				GCC_C_LANGUAGE_STANDARD = gnu17;
				GCC_NO_COMMON_BLOCKS = YES;
				GCC_WARN_64_TO_32_BIT_CONVERSION = YES;
				GCC_WARN_ABOUT_RETURN_TYPE = YES_ERROR;
				GCC_WARN_UNDECLARED_SELECTOR = YES;
				GCC_WARN_UNINITIALIZED_AUTOS = YES_AGGRESSIVE;
				GCC_WARN_UNUSED_FUNCTION = YES;
				GCC_WARN_UNUSED_VARIABLE = YES;
				IPHONEOS_DEPLOYMENT_TARGET = 17.2;
				LOCALIZATION_PREFERS_STRING_CATALOGS = YES;
				MTL_ENABLE_DEBUG_INFO = NO;
				MTL_FAST_MATH = YES;
				SDKROOT = iphoneos;
				SWIFT_COMPILATION_MODE = wholemodule;
				VALIDATE_PRODUCT = YES;
			};
			name = Release;
		};
		9D6C73712B9B719200410F53 /* Debug */ = {
			isa = XCBuildConfiguration;
			buildSettings = {
				ASSETCATALOG_COMPILER_APPICON_NAME = AppIcon;
				ASSETCATALOG_COMPILER_GLOBAL_ACCENT_COLOR_NAME = AccentColor;
				CODE_SIGN_STYLE = Automatic;
				CURRENT_PROJECT_VERSION = 1;
				DEVELOPMENT_ASSET_PATHS = "\"Be a Stoic/Preview Content\"";
				ENABLE_PREVIEWS = YES;
				GENERATE_INFOPLIST_FILE = YES;
				INFOPLIST_KEY_UIApplicationSceneManifest_Generation = YES;
				INFOPLIST_KEY_UIApplicationSupportsIndirectInputEvents = YES;
				INFOPLIST_KEY_UILaunchScreen_Generation = YES;
				INFOPLIST_KEY_UISupportedInterfaceOrientations_iPad = "UIInterfaceOrientationPortrait UIInterfaceOrientationPortraitUpsideDown UIInterfaceOrientationLandscapeLeft UIInterfaceOrientationLandscapeRight";
				INFOPLIST_KEY_UISupportedInterfaceOrientations_iPhone = "UIInterfaceOrientationPortrait UIInterfaceOrientationLandscapeLeft UIInterfaceOrientationLandscapeRight";
				LD_RUNPATH_SEARCH_PATHS = (
					"$(inherited)",
					"@executable_path/Frameworks",
				);
				MARKETING_VERSION = 1.0;
				PRODUCT_BUNDLE_IDENTIFIER = "com.bbeniful.Be-a-Stoic";
				PRODUCT_NAME = "$(TARGET_NAME)";
				SWIFT_EMIT_LOC_STRINGS = YES;
				SWIFT_VERSION = 5.0;
				TARGETED_DEVICE_FAMILY = "1,2";
			};
			name = Debug;
		};
		9D6C73722B9B719200410F53 /* Release */ = {
			isa = XCBuildConfiguration;
			buildSettings = {
				ASSETCATALOG_COMPILER_APPICON_NAME = AppIcon;
				ASSETCATALOG_COMPILER_GLOBAL_ACCENT_COLOR_NAME = AccentColor;
				CODE_SIGN_STYLE = Automatic;
				CURRENT_PROJECT_VERSION = 1;
				DEVELOPMENT_ASSET_PATHS = "\"Be a Stoic/Preview Content\"";
				ENABLE_PREVIEWS = YES;
				GENERATE_INFOPLIST_FILE = YES;
				INFOPLIST_KEY_UIApplicationSceneManifest_Generation = YES;
				INFOPLIST_KEY_UIApplicationSupportsIndirectInputEvents = YES;
				INFOPLIST_KEY_UILaunchScreen_Generation = YES;
				INFOPLIST_KEY_UISupportedInterfaceOrientations_iPad = "UIInterfaceOrientationPortrait UIInterfaceOrientationPortraitUpsideDown UIInterfaceOrientationLandscapeLeft UIInterfaceOrientationLandscapeRight";
				INFOPLIST_KEY_UISupportedInterfaceOrientations_iPhone = "UIInterfaceOrientationPortrait UIInterfaceOrientationLandscapeLeft UIInterfaceOrientationLandscapeRight";
				LD_RUNPATH_SEARCH_PATHS = (
					"$(inherited)",
					"@executable_path/Frameworks",
				);
				MARKETING_VERSION = 1.0;
				PRODUCT_BUNDLE_IDENTIFIER = "com.bbeniful.Be-a-Stoic";
				PRODUCT_NAME = "$(TARGET_NAME)";
				SWIFT_EMIT_LOC_STRINGS = YES;
				SWIFT_VERSION = 5.0;
				TARGETED_DEVICE_FAMILY = "1,2";
			};
			name = Release;
		};
		9D6C73742B9B719200410F53 /* Debug */ = {
			isa = XCBuildConfiguration;
			buildSettings = {
				ALWAYS_EMBED_SWIFT_STANDARD_LIBRARIES = YES;
				BUNDLE_LOADER = "$(TEST_HOST)";
				CODE_SIGN_STYLE = Automatic;
				CURRENT_PROJECT_VERSION = 1;
				GENERATE_INFOPLIST_FILE = YES;
				IPHONEOS_DEPLOYMENT_TARGET = 17.2;
				MARKETING_VERSION = 1.0;
				PRODUCT_BUNDLE_IDENTIFIER = "com.bbeniful.Be-a-StoicTests";
				PRODUCT_NAME = "$(TARGET_NAME)";
				SWIFT_EMIT_LOC_STRINGS = NO;
				SWIFT_VERSION = 5.0;
				TARGETED_DEVICE_FAMILY = "1,2";
				TEST_HOST = "$(BUILT_PRODUCTS_DIR)/Be a Stoic.app/$(BUNDLE_EXECUTABLE_FOLDER_PATH)/Be a Stoic";
			};
			name = Debug;
		};
		9D6C73752B9B719200410F53 /* Release */ = {
			isa = XCBuildConfiguration;
			buildSettings = {
				ALWAYS_EMBED_SWIFT_STANDARD_LIBRARIES = YES;
				BUNDLE_LOADER = "$(TEST_HOST)";
				CODE_SIGN_STYLE = Automatic;
				CURRENT_PROJECT_VERSION = 1;
				GENERATE_INFOPLIST_FILE = YES;
				IPHONEOS_DEPLOYMENT_TARGET = 17.2;
				MARKETING_VERSION = 1.0;
				PRODUCT_BUNDLE_IDENTIFIER = "com.bbeniful.Be-a-StoicTests";
				PRODUCT_NAME = "$(TARGET_NAME)";
				SWIFT_EMIT_LOC_STRINGS = NO;
				SWIFT_VERSION = 5.0;
				TARGETED_DEVICE_FAMILY = "1,2";
				TEST_HOST = "$(BUILT_PRODUCTS_DIR)/Be a Stoic.app/$(BUNDLE_EXECUTABLE_FOLDER_PATH)/Be a Stoic";
			};
			name = Release;
		};
		9D6C73772B9B719200410F53 /* Debug */ = {
			isa = XCBuildConfiguration;
			buildSettings = {
				ALWAYS_EMBED_SWIFT_STANDARD_LIBRARIES = YES;
				CODE_SIGN_STYLE = Automatic;
				CURRENT_PROJECT_VERSION = 1;
				GENERATE_INFOPLIST_FILE = YES;
				MARKETING_VERSION = 1.0;
				PRODUCT_BUNDLE_IDENTIFIER = "com.bbeniful.Be-a-StoicUITests";
				PRODUCT_NAME = "$(TARGET_NAME)";
				SWIFT_EMIT_LOC_STRINGS = NO;
				SWIFT_VERSION = 5.0;
				TARGETED_DEVICE_FAMILY = "1,2";
				TEST_TARGET_NAME = "Be a Stoic";
			};
			name = Debug;
		};
		9D6C73782B9B719200410F53 /* Release */ = {
			isa = XCBuildConfiguration;
			buildSettings = {
				ALWAYS_EMBED_SWIFT_STANDARD_LIBRARIES = YES;
				CODE_SIGN_STYLE = Automatic;
				CURRENT_PROJECT_VERSION = 1;
				GENERATE_INFOPLIST_FILE = YES;
				MARKETING_VERSION = 1.0;
				PRODUCT_BUNDLE_IDENTIFIER = "com.bbeniful.Be-a-StoicUITests";
				PRODUCT_NAME = "$(TARGET_NAME)";
				SWIFT_EMIT_LOC_STRINGS = NO;
				SWIFT_VERSION = 5.0;
				TARGETED_DEVICE_FAMILY = "1,2";
				TEST_TARGET_NAME = "Be a Stoic";
			};
			name = Release;
		};
/* End XCBuildConfiguration section */

/* Begin XCConfigurationList section */
		9D6C73472B9B719100410F53 /* Build configuration list for PBXProject "Be a Stoic" */ = {
			isa = XCConfigurationList;
			buildConfigurations = (
				9D6C736E2B9B719200410F53 /* Debug */,
				9D6C736F2B9B719200410F53 /* Release */,
			);
			defaultConfigurationIsVisible = 0;
			defaultConfigurationName = Release;
		};
		9D6C73702B9B719200410F53 /* Build configuration list for PBXNativeTarget "Be a Stoic" */ = {
			isa = XCConfigurationList;
			buildConfigurations = (
				9D6C73712B9B719200410F53 /* Debug */,
				9D6C73722B9B719200410F53 /* Release */,
			);
			defaultConfigurationIsVisible = 0;
			defaultConfigurationName = Release;
		};
		9D6C73732B9B719200410F53 /* Build configuration list for PBXNativeTarget "Be a StoicTests" */ = {
			isa = XCConfigurationList;
			buildConfigurations = (
				9D6C73742B9B719200410F53 /* Debug */,
				9D6C73752B9B719200410F53 /* Release */,
			);
			defaultConfigurationIsVisible = 0;
			defaultConfigurationName = Release;
		};
		9D6C73762B9B719200410F53 /* Build configuration list for PBXNativeTarget "Be a StoicUITests" */ = {
			isa = XCConfigurationList;
			buildConfigurations = (
				9D6C73772B9B719200410F53 /* Debug */,
				9D6C73782B9B719200410F53 /* Release */,
			);
			defaultConfigurationIsVisible = 0;
			defaultConfigurationName = Release;
		};
/* End XCConfigurationList section */

/* Begin XCVersionGroup section */
		9D6C73872B9B7F4200410F53 /* IdeaModel.xcdatamodeld */ = {
			isa = XCVersionGroup;
			children = (
				9D6C73882B9B7F4200410F53 /* IdeaModel.xcdatamodel */,
			);
			currentVersion = 9D6C73882B9B7F4200410F53 /* IdeaModel.xcdatamodel */;
			path = IdeaModel.xcdatamodeld;
			sourceTree = "<group>";
			versionGroupType = wrapper.xcdatamodel;
		};
/* End XCVersionGroup section */
	};
	rootObject = 9D6C73442B9B719100410F53 /* Project object */;
}
